
Microsoft Visual Studio Solution File, Format Version 12.00
# Visual Studio 15
VisualStudioVersion = 15.0.27130.2036
MinimumVisualStudioVersion = 10.0.40219.1
Project("{9A19103F-16F7-4668-BE54-9A1E7A4F7556}") = "BOG.PathwayClient", "BOG.Pathway.Client\BOG.PathwayClient.csproj", "{7BF97224-A8ED-42AD-9D8E-BD8105EA0913}"
EndProject
Project("{2150E333-8FDC-42A3-9474-1A3956D46DE8}") = "ExampleUsage", "ExampleUsage", "{AE76D6A5-83C9-443C-9B13-D61FF95EC379}"
EndProject
Project("{2150E333-8FDC-42A3-9474-1A3956D46DE8}") = "SolutionItems", "SolutionItems", "{9145453E-A1BA-47F1-8FB3-8DC901971D81}"
	ProjectSection(SolutionItems) = preProject
		.gitattributes = .gitattributes
		.gitignore = .gitignore
		LICENSE = LICENSE
		README.md = README.md
	EndProjectSection
EndProject
Project("{FAE04EC0-301F-11D3-BF4B-00C04F79EFBC}") = "BOG.PathwayClient.Test.Load", "BOG.Pathway.Client.Test.Load\BOG.PathwayClient.Test.Load.csproj", "{17AC0A69-4E54-44A5-98D9-2B2F48AC4C62}"
EndProject
Global
	GlobalSection(SolutionConfigurationPlatforms) = preSolution
		Debug|Any CPU = Debug|Any CPU
		Release|Any CPU = Release|Any CPU
	EndGlobalSection
	GlobalSection(ProjectConfigurationPlatforms) = postSolution
		{7BF97224-A8ED-42AD-9D8E-BD8105EA0913}.Debug|Any CPU.ActiveCfg = Debug|Any CPU
		{7BF97224-A8ED-42AD-9D8E-BD8105EA0913}.Debug|Any CPU.Build.0 = Debug|Any CPU
		{7BF97224-A8ED-42AD-9D8E-BD8105EA0913}.Release|Any CPU.ActiveCfg = Release|Any CPU
		{7BF97224-A8ED-42AD-9D8E-BD8105EA0913}.Release|Any CPU.Build.0 = Release|Any CPU
		{17AC0A69-4E54-44A5-98D9-2B2F48AC4C62}.Debug|Any CPU.ActiveCfg = Debug|Any CPU
		{17AC0A69-4E54-44A5-98D9-2B2F48AC4C62}.Debug|Any CPU.Build.0 = Debug|Any CPU
		{17AC0A69-4E54-44A5-98D9-2B2F48AC4C62}.Release|Any CPU.ActiveCfg = Release|Any CPU
		{17AC0A69-4E54-44A5-98D9-2B2F48AC4C62}.Release|Any CPU.Build.0 = Release|Any CPU
	EndGlobalSection
	GlobalSection(SolutionProperties) = preSolution
		HideSolutionNode = FALSE
	EndGlobalSection
	GlobalSection(NestedProjects) = preSolution
		{17AC0A69-4E54-44A5-98D9-2B2F48AC4C62} = {AE76D6A5-83C9-443C-9B13-D61FF95EC379}
	EndGlobalSection
	GlobalSection(ExtensibilityGlobals) = postSolution
		SolutionGuid = {096C68AF-893E-4ED6-A890-3327A1AF0B85}
	EndGlobalSection
EndGlobal
